
Microsoft Visual Studio Solution File, Format Version 12.00
# Visual Studio Version 17
VisualStudioVersion = 17.10.34707.107
MinimumVisualStudioVersion = 10.0.40219.1
Project("{FAE04EC0-301F-11D3-BF4B-00C04F79EFBC}") = "httprigerFunctionapp", "httprigerFunctionapp\httprigerFunctionapp.csproj", "{54C2807C-E1C5-491B-918B-3522F1A743E3}"
EndProject
Global
	GlobalSection(SolutionConfigurationPlatforms) = preSolution
		Debug|Any CPU = Debug|Any CPU
		Release|Any CPU = Release|Any CPU
	EndGlobalSection
	GlobalSection(ProjectConfigurationPlatforms) = postSolution
		{54C2807C-E1C5-491B-918B-3522F1A743E3}.Debug|Any CPU.ActiveCfg = Debug|Any CPU
		{54C2807C-E1C5-491B-918B-3522F1A743E3}.Debug|Any CPU.Build.0 = Debug|Any CPU
		{54C2807C-E1C5-491B-918B-3522F1A743E3}.Release|Any CPU.ActiveCfg = Release|Any CPU
		{54C2807C-E1C5-491B-918B-3522F1A743E3}.Release|Any CPU.Build.0 = Release|Any CPU
	EndGlobalSection
	GlobalSection(SolutionProperties) = preSolution
		HideSolutionNode = FALSE
	EndGlobalSection
	GlobalSection(ExtensibilityGlobals) = postSolution
		SolutionGuid = {D643F908-C638-42E1-A336-927B599256A4}
	EndGlobalSection
EndGlobal
